
Microsoft Visual Studio Solution File, Format Version 12.00
# Visual Studio Version 17
VisualStudioVersion = 17.5.002.0
MinimumVisualStudioVersion = 10.0.40219.1
Project("{9A19103F-16F7-4668-BE54-9A1E7A4F7556}") = "Zad2", "Zad2.csproj", "{A9A5DD23-415B-4229-9E9A-267D9E0E0CCE}"
EndProject
Global
	GlobalSection(SolutionConfigurationPlatforms) = preSolution
		Debug|Any CPU = Debug|Any CPU
		Release|Any CPU = Release|Any CPU
	EndGlobalSection
	GlobalSection(ProjectConfigurationPlatforms) = postSolution
		{A9A5DD23-415B-4229-9E9A-267D9E0E0CCE}.Debug|Any CPU.ActiveCfg = Debug|Any CPU
		{A9A5DD23-415B-4229-9E9A-267D9E0E0CCE}.Debug|Any CPU.Build.0 = Debug|Any CPU
		{A9A5DD23-415B-4229-9E9A-267D9E0E0CCE}.Release|Any CPU.ActiveCfg = Release|Any CPU
		{A9A5DD23-415B-4229-9E9A-267D9E0E0CCE}.Release|Any CPU.Build.0 = Release|Any CPU
	EndGlobalSection
	GlobalSection(SolutionProperties) = preSolution
		HideSolutionNode = FALSE
	EndGlobalSection
	GlobalSection(ExtensibilityGlobals) = postSolution
		SolutionGuid = {7D2844A4-6204-4D8B-B03A-8AEAB5E72070}
	EndGlobalSection
EndGlobal
